
Microsoft Visual Studio Solution File, Format Version 12.00
# Visual Studio Version 16
VisualStudioVersion = 16.0.31729.503
MinimumVisualStudioVersion = 10.0.40219.1
Project("{FAE04EC0-301F-11D3-BF4B-00C04F79EFBC}") = "Trương Song", "Trương Song\Trương Song.csproj", "{3EFCDEAB-9764-4B26-9266-07C9BF30C0DB}"
EndProject
Global
	GlobalSection(SolutionConfigurationPlatforms) = preSolution
		Debug|Any CPU = Debug|Any CPU
		Release|Any CPU = Release|Any CPU
	EndGlobalSection
	GlobalSection(ProjectConfigurationPlatforms) = postSolution
		{3EFCDEAB-9764-4B26-9266-07C9BF30C0DB}.Debug|Any CPU.ActiveCfg = Debug|Any CPU
		{3EFCDEAB-9764-4B26-9266-07C9BF30C0DB}.Debug|Any CPU.Build.0 = Debug|Any CPU
		{3EFCDEAB-9764-4B26-9266-07C9BF30C0DB}.Release|Any CPU.ActiveCfg = Release|Any CPU
		{3EFCDEAB-9764-4B26-9266-07C9BF30C0DB}.Release|Any CPU.Build.0 = Release|Any CPU
	EndGlobalSection
	GlobalSection(SolutionProperties) = preSolution
		HideSolutionNode = FALSE
	EndGlobalSection
	GlobalSection(ExtensibilityGlobals) = postSolution
		SolutionGuid = {ED6A8698-DB7B-4779-9DA7-012F4466B210}
	EndGlobalSection
EndGlobal
