
Microsoft Visual Studio Solution File, Format Version 12.00
# Visual Studio Version 16
VisualStudioVersion = 16.0.31729.503
MinimumVisualStudioVersion = 10.0.40219.1
Project("{FAE04EC0-301F-11D3-BF4B-00C04F79EFBC}") = "Baitaplenhlap", "Baitaplenhlap\Baitaplenhlap.csproj", "{72B47DA9-E84C-4FE4-8BC6-89EF76733A0E}"
EndProject
Global
	GlobalSection(SolutionConfigurationPlatforms) = preSolution
		Debug|Any CPU = Debug|Any CPU
		Release|Any CPU = Release|Any CPU
	EndGlobalSection
	GlobalSection(ProjectConfigurationPlatforms) = postSolution
		{72B47DA9-E84C-4FE4-8BC6-89EF76733A0E}.Debug|Any CPU.ActiveCfg = Debug|Any CPU
		{72B47DA9-E84C-4FE4-8BC6-89EF76733A0E}.Debug|Any CPU.Build.0 = Debug|Any CPU
		{72B47DA9-E84C-4FE4-8BC6-89EF76733A0E}.Release|Any CPU.ActiveCfg = Release|Any CPU
		{72B47DA9-E84C-4FE4-8BC6-89EF76733A0E}.Release|Any CPU.Build.0 = Release|Any CPU
	EndGlobalSection
	GlobalSection(SolutionProperties) = preSolution
		HideSolutionNode = FALSE
	EndGlobalSection
	GlobalSection(ExtensibilityGlobals) = postSolution
		SolutionGuid = {3C55814D-8B2C-4B23-BDA8-7C5DED4AE8A3}
	EndGlobalSection
EndGlobal
